// !$*UTF8*$!
{
	archiveVersion = 1;
	classes = {
	};
	objectVersion = 46;
	objects = {

/* Begin PBXBuildFile section */
		8420023212E829A200E1E9CE /* OsiriXAPI.framework in Frameworks */ = {isa = PBXBuildFile; fileRef = 8420023112E829A200E1E9CE /* OsiriXAPI.framework */; settings = {ATTRIBUTES = (Weak, ); }; };
		8D5B49B0048680CD000E48DA /* InfoPlist.strings in Resources */ = {isa = PBXBuildFile; fileRef = 089C167DFE841241C02AAC07 /* InfoPlist.strings */; };
		8D5B49B4048680CD000E48DA /* Cocoa.framework in Frameworks */ = {isa = PBXBuildFile; fileRef = 1058C7ADFEA557BF11CA2CBB /* Cocoa.framework */; };
		8E15CE361E45F95F0009E1A5 /* vaccines.plist in Resources */ = {isa = PBXBuildFile; fileRef = 8E15CE351E45F95F0009E1A5 /* vaccines.plist */; };
		8E15CE391E4628070009E1A5 /* treamentsites.plist in Resources */ = {isa = PBXBuildFile; fileRef = 8E15CE381E4628070009E1A5 /* treamentsites.plist */; };
		8E15CE3B1E4628420009E1A5 /* anatomicalsites.plist in Resources */ = {isa = PBXBuildFile; fileRef = 8E15CE3A1E4628420009E1A5 /* anatomicalsites.plist */; };
		8E15CE3E1E4652400009E1A5 /* placebos.plist in Resources */ = {isa = PBXBuildFile; fileRef = 8E15CE3D1E4652400009E1A5 /* placebos.plist */; };
		8E15CE411E466EBA0009E1A5 /* DatabaseRead.png in Resources */ = {isa = PBXBuildFile; fileRef = 8E15CE3F1E466EBA0009E1A5 /* DatabaseRead.png */; };
		8E15CE421E466EBA0009E1A5 /* DatabaseWrite.png in Resources */ = {isa = PBXBuildFile; fileRef = 8E15CE401E466EBA0009E1A5 /* DatabaseWrite.png */; };
		8E172CFD1DDD03F100F33DE5 /* Jiggle.png in Resources */ = {isa = PBXBuildFile; fileRef = 8E172CFB1DDD03F100F33DE5 /* Jiggle.png */; };
		8E172CFE1DDD03F100F33DE5 /* JiggleSelect.png in Resources */ = {isa = PBXBuildFile; fileRef = 8E172CFC1DDD03F100F33DE5 /* JiggleSelect.png */; };
		8E1D23C31DE6386800469190 /* decrease.png in Resources */ = {isa = PBXBuildFile; fileRef = 8E1D23C11DE6386800469190 /* decrease.png */; };
		8E1D23C41DE6386800469190 /* increase.png in Resources */ = {isa = PBXBuildFile; fileRef = 8E1D23C21DE6386800469190 /* increase.png */; };
		8E27A7BC1DA1AECD00BDC497 /* MirrorWindow.xib in Resources */ = {isa = PBXBuildFile; fileRef = 8E27A7BE1DA1AECD00BDC497 /* MirrorWindow.xib */; };
		8E3F944D1DDB491F0085A162 /* Marker-50.png in Resources */ = {isa = PBXBuildFile; fileRef = 8E3F944C1DDB491F0085A162 /* Marker-50.png */; };
		8E4FBD201DFB2D9D00E54D6F /* TextDisplayWindowController.h in Headers */ = {isa = PBXBuildFile; fileRef = 8E4FBD1D1DFB2D9D00E54D6F /* TextDisplayWindowController.h */; };
		8E4FBD211DFB2D9D00E54D6F /* TextDisplayWindowController.m in Sources */ = {isa = PBXBuildFile; fileRef = 8E4FBD1E1DFB2D9D00E54D6F /* TextDisplayWindowController.m */; };
		8E613DFE1DECCA7F0021049A /* JiggleAll.png in Resources */ = {isa = PBXBuildFile; fileRef = 8E613DFD1DECCA7F0021049A /* JiggleAll.png */; };
		8E6571B81E4FB1E500E0E223 /* addrects.png in Resources */ = {isa = PBXBuildFile; fileRef = 8E6571B71E4FB1E500E0E223 /* addrects.png */; };
		8E6F81391E420A97002E5631 /* keyImageSquare.png in Resources */ = {isa = PBXBuildFile; fileRef = 8E6F81381E420A97002E5631 /* keyImageSquare.png */; };
		8E8838371DDA209400AE9166 /* ROIValues.h in Headers */ = {isa = PBXBuildFile; fileRef = 8E8838351DDA209400AE9166 /* ROIValues.h */; };
		8E8838381DDA209400AE9166 /* ROIValues.m in Sources */ = {isa = PBXBuildFile; fileRef = 8E8838361DDA209400AE9166 /* ROIValues.m */; };
		8E8AA1DB1E0693BB007621FB /* Jiggle small.png in Resources */ = {isa = PBXBuildFile; fileRef = 8E8AA1DA1E0693BB007621FB /* Jiggle small.png */; };
		8E8EA0B31DB5329D00940C46 /* Flip Vertical Filled-50.png in Resources */ = {isa = PBXBuildFile; fileRef = 8EDB8BDD1DAE5EE9007C14A9 /* Flip Vertical Filled-50.png */; };
		8E9C42631DCE03C200E2A40C /* MirrorROIPluginFilterOC.m in Sources */ = {isa = PBXBuildFile; fileRef = 8E90FA4F1DCA905D006B2086 /* MirrorROIPluginFilterOC.m */; };
		8E9C42641DCE03C600E2A40C /* MirrorROIPluginFilterOC.h in Headers */ = {isa = PBXBuildFile; fileRef = 8E90FA501DCA905D006B2086 /* MirrorROIPluginFilterOC.h */; };
		8EB2BDEF1DB7A03900D7B0CA /* Length extend.png in Resources */ = {isa = PBXBuildFile; fileRef = 8EB2BDEE1DB7A03900D7B0CA /* Length extend.png */; };
		8EB2BDF11DB7A2AF00D7B0CA /* Length +.png in Resources */ = {isa = PBXBuildFile; fileRef = 8EB2BDF01DB7A2AF00D7B0CA /* Length +.png */; };
		8EB2BDF31DB7FF8F00D7B0CA /* Tiling2x1.pdf in Resources */ = {isa = PBXBuildFile; fileRef = 8EB2BDF21DB7FF8F00D7B0CA /* Tiling2x1.pdf */; };
		8EB2BDF51DB80A7500D7B0CA /* growRegion.png in Resources */ = {isa = PBXBuildFile; fileRef = 8EB2BDF41DB80A7500D7B0CA /* growRegion.png */; };
		8EC3A55E1E0BE8F10019108E /* TDWindow.xib in Resources */ = {isa = PBXBuildFile; fileRef = 8EC3A55D1E0BE8F10019108E /* TDWindow.xib */; };
		8EC532661E05A2A6006B74E5 /* Flip Vertical Filled-24.png in Resources */ = {isa = PBXBuildFile; fileRef = 8EC532651E05A2A6006B74E5 /* Flip Vertical Filled-24.png */; };
		8ECAD5F01DDA57B20079DB97 /* yingyang.png in Resources */ = {isa = PBXBuildFile; fileRef = 8ECAD5EF1DDA57B20079DB97 /* yingyang.png */; };
		8ED16B231DF99F890043A74C /* TextDisplayWindow.h in Headers */ = {isa = PBXBuildFile; fileRef = 8ED16B211DF99F890043A74C /* TextDisplayWindow.h */; };
		8ED16B241DF99F890043A74C /* TextDisplayWindow.m in Sources */ = {isa = PBXBuildFile; fileRef = 8ED16B221DF99F890043A74C /* TextDisplayWindow.m */; };
		8ED5349B1E449D2C003B1E8A /* keyImageSquare deleteAll.png in Resources */ = {isa = PBXBuildFile; fileRef = 8ED5349A1E449D2C003B1E8A /* keyImageSquare deleteAll.png */; };
		8ED6E2701E50C5D8006F68B5 /* icon.icns in Resources */ = {isa = PBXBuildFile; fileRef = 8ED6E26F1E50C5D8006F68B5 /* icon.icns */; };
		8ED6E2721E50C759006F68B5 /* icon64.png in Resources */ = {isa = PBXBuildFile; fileRef = 8ED6E2711E50C759006F68B5 /* icon64.png */; };
		8ED845F81DC6295D008399F1 /* SW.png in Resources */ = {isa = PBXBuildFile; fileRef = 8ED845F41DC6295D008399F1 /* SW.png */; };
		8ED845F91DC6295D008399F1 /* SE.png in Resources */ = {isa = PBXBuildFile; fileRef = 8ED845F51DC6295D008399F1 /* SE.png */; };
		8ED845FA1DC6295D008399F1 /* NE.png in Resources */ = {isa = PBXBuildFile; fileRef = 8ED845F61DC6295D008399F1 /* NE.png */; };
		8ED845FB1DC6295D008399F1 /* NW.png in Resources */ = {isa = PBXBuildFile; fileRef = 8ED845F71DC6295D008399F1 /* NW.png */; };
		8EDB8BE61DAE6039007C14A9 /* CT.png in Resources */ = {isa = PBXBuildFile; fileRef = 8EDB8BE41DAE6039007C14A9 /* CT.png */; };
		8EDB8BE71DAE6039007C14A9 /* PET.png in Resources */ = {isa = PBXBuildFile; fileRef = 8EDB8BE51DAE6039007C14A9 /* PET.png */; };
		8EE534A91E4DE11E007DA1E1 /* AnatomicalSites.txt in Resources */ = {isa = PBXBuildFile; fileRef = 8EE534A51E4DE11E007DA1E1 /* AnatomicalSites.txt */; };
		8EE534AA1E4DE11E007DA1E1 /* Vaccines.txt in Resources */ = {isa = PBXBuildFile; fileRef = 8EE534A61E4DE11E007DA1E1 /* Vaccines.txt */; };
		8EE534AB1E4DE11E007DA1E1 /* Placebos.txt in Resources */ = {isa = PBXBuildFile; fileRef = 8EE534A71E4DE11E007DA1E1 /* Placebos.txt */; };
		8EE534AC1E4DE11E007DA1E1 /* TreatmentSites.txt in Resources */ = {isa = PBXBuildFile; fileRef = 8EE534A81E4DE11E007DA1E1 /* TreatmentSites.txt */; };
		8EE9097C1DA15C8800AFAA00 /* MirrorROIPlugin_Prefix.pch in Headers */ = {isa = PBXBuildFile; fileRef = 8EE9097B1DA15C8800AFAA00 /* MirrorROIPlugin_Prefix.pch */; };
		8EF2964C1DC4D17200CC638E /* Erase Filled-50.png in Resources */ = {isa = PBXBuildFile; fileRef = 8EF2964B1DC4D17200CC638E /* Erase Filled-50.png */; };
		8EF296511DC4D2FB00CC638E /* end.png in Resources */ = {isa = PBXBuildFile; fileRef = 8EF2964F1DC4D2FB00CC638E /* end.png */; };
		8EF296521DC4D2FB00CC638E /* start.png in Resources */ = {isa = PBXBuildFile; fileRef = 8EF296501DC4D2FB00CC638E /* start.png */; };
		C52843BA1DC250BA00371742 /* aup.png in Resources */ = {isa = PBXBuildFile; fileRef = C52843B91DC250BA00371742 /* aup.png */; };
		C52843BE1DC250C600371742 /* adownward.png in Resources */ = {isa = PBXBuildFile; fileRef = C52843BB1DC250C600371742 /* adownward.png */; };
		C52843BF1DC250C600371742 /* aleft.png in Resources */ = {isa = PBXBuildFile; fileRef = C52843BC1DC250C600371742 /* aleft.png */; };
		C52843C01DC250C600371742 /* aright.png in Resources */ = {isa = PBXBuildFile; fileRef = C52843BD1DC250C600371742 /* aright.png */; };
/* End PBXBuildFile section */

/* Begin PBXFileReference section */
		089C1672FE841209C02AAC07 /* Foundation.framework */ = {isa = PBXFileReference; lastKnownFileType = wrapper.framework; name = Foundation.framework; path = /System/Library/Frameworks/Foundation.framework; sourceTree = "<absolute>"; };
		089C167EFE841241C02AAC07 /* English */ = {isa = PBXFileReference; fileEncoding = 10; lastKnownFileType = text.plist.strings; name = English; path = English.lproj/InfoPlist.strings; sourceTree = "<group>"; };
		089C167FFE841241C02AAC07 /* AppKit.framework */ = {isa = PBXFileReference; lastKnownFileType = wrapper.framework; name = AppKit.framework; path = /System/Library/Frameworks/AppKit.framework; sourceTree = "<absolute>"; };
		1058C7ADFEA557BF11CA2CBB /* Cocoa.framework */ = {isa = PBXFileReference; lastKnownFileType = wrapper.framework; name = Cocoa.framework; path = /System/Library/Frameworks/Cocoa.framework; sourceTree = "<absolute>"; };
		8420023112E829A200E1E9CE /* OsiriXAPI.framework */ = {isa = PBXFileReference; lastKnownFileType = wrapper.framework; path = OsiriXAPI.framework; sourceTree = "<group>"; };
		8D5B49B7048680CD000E48DA /* Info.plist */ = {isa = PBXFileReference; fileEncoding = 4; lastKnownFileType = text.plist.xml; path = Info.plist; sourceTree = "<group>"; };
		8E15CE351E45F95F0009E1A5 /* vaccines.plist */ = {isa = PBXFileReference; fileEncoding = 4; lastKnownFileType = text.plist.xml; name = vaccines.plist; path = arrays/vaccines.plist; sourceTree = "<group>"; };
		8E15CE381E4628070009E1A5 /* treamentsites.plist */ = {isa = PBXFileReference; fileEncoding = 4; lastKnownFileType = text.plist.xml; path = treamentsites.plist; sourceTree = "<group>"; };
		8E15CE3A1E4628420009E1A5 /* anatomicalsites.plist */ = {isa = PBXFileReference; fileEncoding = 4; lastKnownFileType = text.plist.xml; path = anatomicalsites.plist; sourceTree = "<group>"; };
		8E15CE3D1E4652400009E1A5 /* placebos.plist */ = {isa = PBXFileReference; fileEncoding = 4; lastKnownFileType = text.plist.xml; path = placebos.plist; sourceTree = "<group>"; };
		8E15CE3F1E466EBA0009E1A5 /* DatabaseRead.png */ = {isa = PBXFileReference; lastKnownFileType = image.png; name = DatabaseRead.png; path = PNGs/DatabaseRead.png; sourceTree = "<group>"; };
		8E15CE401E466EBA0009E1A5 /* DatabaseWrite.png */ = {isa = PBXFileReference; lastKnownFileType = image.png; name = DatabaseWrite.png; path = PNGs/DatabaseWrite.png; sourceTree = "<group>"; };
		8E172CFB1DDD03F100F33DE5 /* Jiggle.png */ = {isa = PBXFileReference; lastKnownFileType = image.png; name = Jiggle.png; path = PNGs/Jiggle.png; sourceTree = "<group>"; };
		8E172CFC1DDD03F100F33DE5 /* JiggleSelect.png */ = {isa = PBXFileReference; lastKnownFileType = image.png; name = JiggleSelect.png; path = PNGs/JiggleSelect.png; sourceTree = "<group>"; };
		8E1D23C11DE6386800469190 /* decrease.png */ = {isa = PBXFileReference; lastKnownFileType = image.png; name = decrease.png; path = PNGs/decrease.png; sourceTree = "<group>"; };
		8E1D23C21DE6386800469190 /* increase.png */ = {isa = PBXFileReference; lastKnownFileType = image.png; name = increase.png; path = PNGs/increase.png; sourceTree = "<group>"; };
		8E27A7BD1DA1AECD00BDC497 /* en */ = {isa = PBXFileReference; lastKnownFileType = file.xib; name = en; path = en.lproj/MirrorWindow.xib; sourceTree = "<group>"; };
		8E3F944C1DDB491F0085A162 /* Marker-50.png */ = {isa = PBXFileReference; lastKnownFileType = image.png; name = "Marker-50.png"; path = "PNGs/Marker-50.png"; sourceTree = "<group>"; };
		8E4FBD1D1DFB2D9D00E54D6F /* TextDisplayWindowController.h */ = {isa = PBXFileReference; fileEncoding = 4; lastKnownFileType = sourcecode.c.h; path = TextDisplayWindowController.h; sourceTree = "<group>"; };
		8E4FBD1E1DFB2D9D00E54D6F /* TextDisplayWindowController.m */ = {isa = PBXFileReference; fileEncoding = 4; lastKnownFileType = sourcecode.c.objc; path = TextDisplayWindowController.m; sourceTree = "<group>"; };
		8E613DFD1DECCA7F0021049A /* JiggleAll.png */ = {isa = PBXFileReference; lastKnownFileType = image.png; name = JiggleAll.png; path = PNGs/JiggleAll.png; sourceTree = "<group>"; };
		8E6571B71E4FB1E500E0E223 /* addrects.png */ = {isa = PBXFileReference; lastKnownFileType = image.png; name = addrects.png; path = PNGs/addrects.png; sourceTree = "<group>"; };
		8E6F81381E420A97002E5631 /* keyImageSquare.png */ = {isa = PBXFileReference; lastKnownFileType = image.png; name = keyImageSquare.png; path = PNGs/keyImageSquare.png; sourceTree = "<group>"; };
		8E8838351DDA209400AE9166 /* ROIValues.h */ = {isa = PBXFileReference; fileEncoding = 4; lastKnownFileType = sourcecode.c.h; path = ROIValues.h; sourceTree = "<group>"; };
		8E8838361DDA209400AE9166 /* ROIValues.m */ = {isa = PBXFileReference; fileEncoding = 4; lastKnownFileType = sourcecode.c.objc; path = ROIValues.m; sourceTree = "<group>"; };
		8E8AA1DA1E0693BB007621FB /* Jiggle small.png */ = {isa = PBXFileReference; lastKnownFileType = image.png; name = "Jiggle small.png"; path = "PNGs/Jiggle small.png"; sourceTree = "<group>"; };
		8E90FA4F1DCA905D006B2086 /* MirrorROIPluginFilterOC.m */ = {isa = PBXFileReference; fileEncoding = 4; lastKnownFileType = sourcecode.c.objc; lineEnding = 0; path = MirrorROIPluginFilterOC.m; sourceTree = "<group>"; xcLanguageSpecificationIdentifier = xcode.lang.objc; };
		8E90FA501DCA905D006B2086 /* MirrorROIPluginFilterOC.h */ = {isa = PBXFileReference; fileEncoding = 4; lastKnownFileType = sourcecode.c.h; lineEnding = 0; path = MirrorROIPluginFilterOC.h; sourceTree = "<group>"; xcLanguageSpecificationIdentifier = xcode.lang.objcpp; };
		8EB2BDEE1DB7A03900D7B0CA /* Length extend.png */ = {isa = PBXFileReference; lastKnownFileType = image.png; name = "Length extend.png"; path = "PNGs/Length extend.png"; sourceTree = "<group>"; };
		8EB2BDF01DB7A2AF00D7B0CA /* Length +.png */ = {isa = PBXFileReference; lastKnownFileType = image.png; name = "Length +.png"; path = "PNGs/Length +.png"; sourceTree = "<group>"; };
		8EB2BDF21DB7FF8F00D7B0CA /* Tiling2x1.pdf */ = {isa = PBXFileReference; lastKnownFileType = image.pdf; name = Tiling2x1.pdf; path = PNGs/Tiling2x1.pdf; sourceTree = "<group>"; };
		8EB2BDF41DB80A7500D7B0CA /* growRegion.png */ = {isa = PBXFileReference; lastKnownFileType = image.png; name = growRegion.png; path = PNGs/growRegion.png; sourceTree = "<group>"; };
		8EC3A55D1E0BE8F10019108E /* TDWindow.xib */ = {isa = PBXFileReference; fileEncoding = 4; lastKnownFileType = file.xib; path = TDWindow.xib; sourceTree = "<group>"; };
		8EC532651E05A2A6006B74E5 /* Flip Vertical Filled-24.png */ = {isa = PBXFileReference; lastKnownFileType = image.png; name = "Flip Vertical Filled-24.png"; path = "PNGs/Flip Vertical Filled-24.png"; sourceTree = "<group>"; };
		8ECAD5EF1DDA57B20079DB97 /* yingyang.png */ = {isa = PBXFileReference; lastKnownFileType = image.png; name = yingyang.png; path = PNGs/yingyang.png; sourceTree = "<group>"; };
		8ED16B211DF99F890043A74C /* TextDisplayWindow.h */ = {isa = PBXFileReference; fileEncoding = 4; lastKnownFileType = sourcecode.c.h; path = TextDisplayWindow.h; sourceTree = "<group>"; };
		8ED16B221DF99F890043A74C /* TextDisplayWindow.m */ = {isa = PBXFileReference; fileEncoding = 4; lastKnownFileType = sourcecode.c.objc; path = TextDisplayWindow.m; sourceTree = "<group>"; };
		8ED5349A1E449D2C003B1E8A /* keyImageSquare deleteAll.png */ = {isa = PBXFileReference; lastKnownFileType = image.png; name = "keyImageSquare deleteAll.png"; path = "PNGs/keyImageSquare deleteAll.png"; sourceTree = "<group>"; };
		8ED6E26F1E50C5D8006F68B5 /* icon.icns */ = {isa = PBXFileReference; lastKnownFileType = image.icns; path = icon.icns; sourceTree = "<group>"; };
		8ED6E2711E50C759006F68B5 /* icon64.png */ = {isa = PBXFileReference; lastKnownFileType = image.png; name = icon64.png; path = PNGs/icon64.png; sourceTree = "<group>"; };
		8ED845F41DC6295D008399F1 /* SW.png */ = {isa = PBXFileReference; lastKnownFileType = image.png; name = SW.png; path = PNGs/SW.png; sourceTree = "<group>"; };
		8ED845F51DC6295D008399F1 /* SE.png */ = {isa = PBXFileReference; lastKnownFileType = image.png; name = SE.png; path = PNGs/SE.png; sourceTree = "<group>"; };
		8ED845F61DC6295D008399F1 /* NE.png */ = {isa = PBXFileReference; lastKnownFileType = image.png; name = NE.png; path = PNGs/NE.png; sourceTree = "<group>"; };
		8ED845F71DC6295D008399F1 /* NW.png */ = {isa = PBXFileReference; lastKnownFileType = image.png; name = NW.png; path = PNGs/NW.png; sourceTree = "<group>"; };
		8EDB8BDD1DAE5EE9007C14A9 /* Flip Vertical Filled-50.png */ = {isa = PBXFileReference; lastKnownFileType = image.png; name = "Flip Vertical Filled-50.png"; path = "PNGs/Flip Vertical Filled-50.png"; sourceTree = "<group>"; };
		8EDB8BE41DAE6039007C14A9 /* CT.png */ = {isa = PBXFileReference; lastKnownFileType = image.png; name = CT.png; path = PNGs/CT.png; sourceTree = "<group>"; };
		8EDB8BE51DAE6039007C14A9 /* PET.png */ = {isa = PBXFileReference; lastKnownFileType = image.png; name = PET.png; path = PNGs/PET.png; sourceTree = "<group>"; };
		8EE534A51E4DE11E007DA1E1 /* AnatomicalSites.txt */ = {isa = PBXFileReference; fileEncoding = 4; lastKnownFileType = text; path = AnatomicalSites.txt; sourceTree = "<group>"; };
		8EE534A61E4DE11E007DA1E1 /* Vaccines.txt */ = {isa = PBXFileReference; fileEncoding = 4; lastKnownFileType = text; path = Vaccines.txt; sourceTree = "<group>"; };
		8EE534A71E4DE11E007DA1E1 /* Placebos.txt */ = {isa = PBXFileReference; fileEncoding = 4; lastKnownFileType = text; path = Placebos.txt; sourceTree = "<group>"; };
		8EE534A81E4DE11E007DA1E1 /* TreatmentSites.txt */ = {isa = PBXFileReference; fileEncoding = 4; lastKnownFileType = text; path = TreatmentSites.txt; sourceTree = "<group>"; };
		8EE9097B1DA15C8800AFAA00 /* MirrorROIPlugin_Prefix.pch */ = {isa = PBXFileReference; fileEncoding = 4; lastKnownFileType = sourcecode.c.h; path = MirrorROIPlugin_Prefix.pch; sourceTree = "<group>"; };
		8EF2964B1DC4D17200CC638E /* Erase Filled-50.png */ = {isa = PBXFileReference; lastKnownFileType = image.png; name = "Erase Filled-50.png"; path = "PNGs/Erase Filled-50.png"; sourceTree = "<group>"; };
		8EF2964F1DC4D2FB00CC638E /* end.png */ = {isa = PBXFileReference; lastKnownFileType = image.png; name = end.png; path = PNGs/end.png; sourceTree = "<group>"; };
		8EF296501DC4D2FB00CC638E /* start.png */ = {isa = PBXFileReference; lastKnownFileType = image.png; name = start.png; path = PNGs/start.png; sourceTree = "<group>"; };
		8EF682FB1E4BB3CD00FCE46F /* UnusedExportFunctions.m */ = {isa = PBXFileReference; lastKnownFileType = sourcecode.c.objc; path = UnusedExportFunctions.m; sourceTree = "<group>"; };
		AB5D36050680E57E00F4007A /* MirrorROIPlugin.osirixplugin */ = {isa = PBXFileReference; explicitFileType = wrapper.cfbundle; includeInIndex = 0; path = MirrorROIPlugin.osirixplugin; sourceTree = BUILT_PRODUCTS_DIR; };
		C52843B91DC250BA00371742 /* aup.png */ = {isa = PBXFileReference; lastKnownFileType = image.png; name = aup.png; path = PNGs/aup.png; sourceTree = "<group>"; };
		C52843BB1DC250C600371742 /* adownward.png */ = {isa = PBXFileReference; lastKnownFileType = image.png; name = adownward.png; path = PNGs/adownward.png; sourceTree = "<group>"; };
		C52843BC1DC250C600371742 /* aleft.png */ = {isa = PBXFileReference; lastKnownFileType = image.png; name = aleft.png; path = PNGs/aleft.png; sourceTree = "<group>"; };
		C52843BD1DC250C600371742 /* aright.png */ = {isa = PBXFileReference; lastKnownFileType = image.png; name = aright.png; path = PNGs/aright.png; sourceTree = "<group>"; };
/* End PBXFileReference section */

/* Begin PBXFrameworksBuildPhase section */
		8D5B49B3048680CD000E48DA /* Frameworks */ = {
			isa = PBXFrameworksBuildPhase;
			buildActionMask = 2147483647;
			files = (
				8D5B49B4048680CD000E48DA /* Cocoa.framework in Frameworks */,
				8420023212E829A200E1E9CE /* OsiriXAPI.framework in Frameworks */,
			);
			runOnlyForDeploymentPostprocessing = 0;
		};
/* End PBXFrameworksBuildPhase section */

/* Begin PBXGroup section */
		089C166AFE841209C02AAC07 /* MyNewPlugin */ = {
			isa = PBXGroup;
			children = (
				8E27A7BE1DA1AECD00BDC497 /* MirrorWindow.xib */,
				8EC3A55D1E0BE8F10019108E /* TDWindow.xib */,
				8E90FA4F1DCA905D006B2086 /* MirrorROIPluginFilterOC.m */,
				8E90FA501DCA905D006B2086 /* MirrorROIPluginFilterOC.h */,
				8EF682FB1E4BB3CD00FCE46F /* UnusedExportFunctions.m */,
				8ED6E26F1E50C5D8006F68B5 /* icon.icns */,
				8EDB8BDB1DAE5826007C14A9 /* PNGs */,
				8E15CE3C1E4628830009E1A5 /* arraylists */,
				08FB77AFFE84173DC02AAC07 /* Classes */,
				32C88E010371C26100C91783 /* Other Sources */,
				089C167CFE841241C02AAC07 /* Resources */,
				089C1671FE841209C02AAC07 /* Frameworks and Libraries */,
				19C28FB8FE9D52D311CA2CBB /* Products */,
			);
			name = MyNewPlugin;
			sourceTree = "<group>";
		};
		089C1671FE841209C02AAC07 /* Frameworks and Libraries */ = {
			isa = PBXGroup;
			children = (
				8420023112E829A200E1E9CE /* OsiriXAPI.framework */,
				1058C7ACFEA557BF11CA2CBB /* Linked Frameworks */,
				1058C7AEFEA557BF11CA2CBB /* Other Frameworks */,
			);
			name = "Frameworks and Libraries";
			sourceTree = "<group>";
		};
		089C167CFE841241C02AAC07 /* Resources */ = {
			isa = PBXGroup;
			children = (
				8D5B49B7048680CD000E48DA /* Info.plist */,
				089C167DFE841241C02AAC07 /* InfoPlist.strings */,
			);
			name = Resources;
			sourceTree = "<group>";
		};
		08FB77AFFE84173DC02AAC07 /* Classes */ = {
			isa = PBXGroup;
			children = (
				8ED16B211DF99F890043A74C /* TextDisplayWindow.h */,
				8ED16B221DF99F890043A74C /* TextDisplayWindow.m */,
				8E4FBD1D1DFB2D9D00E54D6F /* TextDisplayWindowController.h */,
				8E4FBD1E1DFB2D9D00E54D6F /* TextDisplayWindowController.m */,
				8E8838351DDA209400AE9166 /* ROIValues.h */,
				8E8838361DDA209400AE9166 /* ROIValues.m */,
			);
			name = Classes;
			sourceTree = "<group>";
		};
		1058C7ACFEA557BF11CA2CBB /* Linked Frameworks */ = {
			isa = PBXGroup;
			children = (
				1058C7ADFEA557BF11CA2CBB /* Cocoa.framework */,
			);
			name = "Linked Frameworks";
			sourceTree = "<group>";
		};
		1058C7AEFEA557BF11CA2CBB /* Other Frameworks */ = {
			isa = PBXGroup;
			children = (
				089C1672FE841209C02AAC07 /* Foundation.framework */,
				089C167FFE841241C02AAC07 /* AppKit.framework */,
			);
			name = "Other Frameworks";
			sourceTree = "<group>";
		};
		19C28FB8FE9D52D311CA2CBB /* Products */ = {
			isa = PBXGroup;
			children = (
				AB5D36050680E57E00F4007A /* MirrorROIPlugin.osirixplugin */,
			);
			name = Products;
			sourceTree = "<group>";
		};
		32C88E010371C26100C91783 /* Other Sources */ = {
			isa = PBXGroup;
			children = (
				8EE9097B1DA15C8800AFAA00 /* MirrorROIPlugin_Prefix.pch */,
			);
			name = "Other Sources";
			sourceTree = "<group>";
		};
		8E15CE3C1E4628830009E1A5 /* arraylists */ = {
			isa = PBXGroup;
			children = (
				8EE534A51E4DE11E007DA1E1 /* AnatomicalSites.txt */,
				8EE534A61E4DE11E007DA1E1 /* Vaccines.txt */,
				8EE534A71E4DE11E007DA1E1 /* Placebos.txt */,
				8EE534A81E4DE11E007DA1E1 /* TreatmentSites.txt */,
				8E15CE351E45F95F0009E1A5 /* vaccines.plist */,
				8E15CE381E4628070009E1A5 /* treamentsites.plist */,
				8E15CE3A1E4628420009E1A5 /* anatomicalsites.plist */,
				8E15CE3D1E4652400009E1A5 /* placebos.plist */,
			);
			name = arraylists;
			sourceTree = "<group>";
		};
		8EDB8BDB1DAE5826007C14A9 /* PNGs */ = {
			isa = PBXGroup;
			children = (
				8ED6E2711E50C759006F68B5 /* icon64.png */,
				8E6571B71E4FB1E500E0E223 /* addrects.png */,
				C52843BB1DC250C600371742 /* adownward.png */,
				C52843BC1DC250C600371742 /* aleft.png */,
				C52843BD1DC250C600371742 /* aright.png */,
				C52843B91DC250BA00371742 /* aup.png */,
				8EDB8BE41DAE6039007C14A9 /* CT.png */,
				8E15CE3F1E466EBA0009E1A5 /* DatabaseRead.png */,
				8E15CE401E466EBA0009E1A5 /* DatabaseWrite.png */,
				8E1D23C11DE6386800469190 /* decrease.png */,
				8EF2964F1DC4D2FB00CC638E /* end.png */,
				8EF2964B1DC4D17200CC638E /* Erase Filled-50.png */,
				8EC532651E05A2A6006B74E5 /* Flip Vertical Filled-24.png */,
				8EDB8BDD1DAE5EE9007C14A9 /* Flip Vertical Filled-50.png */,
				8EB2BDF41DB80A7500D7B0CA /* growRegion.png */,
				8E1D23C21DE6386800469190 /* increase.png */,
				8E8AA1DA1E0693BB007621FB /* Jiggle small.png */,
				8E172CFB1DDD03F100F33DE5 /* Jiggle.png */,
				8E613DFD1DECCA7F0021049A /* JiggleAll.png */,
				8E172CFC1DDD03F100F33DE5 /* JiggleSelect.png */,
				8ED5349A1E449D2C003B1E8A /* keyImageSquare deleteAll.png */,
				8E6F81381E420A97002E5631 /* keyImageSquare.png */,
				8EB2BDF01DB7A2AF00D7B0CA /* Length +.png */,
				8EB2BDEE1DB7A03900D7B0CA /* Length extend.png */,
				8E3F944C1DDB491F0085A162 /* Marker-50.png */,
				8ED845F61DC6295D008399F1 /* NE.png */,
				8ED845F71DC6295D008399F1 /* NW.png */,
				8EDB8BE51DAE6039007C14A9 /* PET.png */,
				8ED845F51DC6295D008399F1 /* SE.png */,
				8EF296501DC4D2FB00CC638E /* start.png */,
				8ED845F41DC6295D008399F1 /* SW.png */,
				8EB2BDF21DB7FF8F00D7B0CA /* Tiling2x1.pdf */,
				8ECAD5EF1DDA57B20079DB97 /* yingyang.png */,
			);
			name = PNGs;
			sourceTree = "<group>";
		};
/* End PBXGroup section */

/* Begin PBXHeadersBuildPhase section */
		8D5B49AD048680CD000E48DA /* Headers */ = {
			isa = PBXHeadersBuildPhase;
			buildActionMask = 2147483647;
			files = (
				8ED16B231DF99F890043A74C /* TextDisplayWindow.h in Headers */,
				8EE9097C1DA15C8800AFAA00 /* MirrorROIPlugin_Prefix.pch in Headers */,
				8E4FBD201DFB2D9D00E54D6F /* TextDisplayWindowController.h in Headers */,
				8E9C42641DCE03C600E2A40C /* MirrorROIPluginFilterOC.h in Headers */,
				8E8838371DDA209400AE9166 /* ROIValues.h in Headers */,
			);
			runOnlyForDeploymentPostprocessing = 0;
		};
/* End PBXHeadersBuildPhase section */

/* Begin PBXNativeTarget section */
		8D5B49AC048680CD000E48DA /* MirrorROIPlugin */ = {
			isa = PBXNativeTarget;
			buildConfigurationList = CE6A9A9008AC841300D0C1EE /* Build configuration list for PBXNativeTarget "MirrorROIPlugin" */;
			buildPhases = (
				8D5B49AD048680CD000E48DA /* Headers */,
				8D5B49AF048680CD000E48DA /* Resources */,
				8D5B49B1048680CD000E48DA /* Sources */,
				8D5B49B3048680CD000E48DA /* Frameworks */,
				8D5B49B5048680CD000E48DA /* Rez */,
			);
			buildRules = (
			);
			dependencies = (
			);
			name = MirrorROIPlugin;
			productInstallPath = "$(HOME)/Library/Bundles";
			productName = Invert;
			productReference = AB5D36050680E57E00F4007A /* MirrorROIPlugin.osirixplugin */;
			productType = "com.apple.product-type.bundle";
		};
/* End PBXNativeTarget section */

/* Begin PBXProject section */
		089C1669FE841209C02AAC07 /* Project object */ = {
			isa = PBXProject;
			attributes = {
				LastUpgradeCheck = 0810;
				TargetAttributes = {
					8D5B49AC048680CD000E48DA = {
						LastSwiftMigration = 0810;
					};
				};
			};
			buildConfigurationList = CE6A9A9408AC841300D0C1EE /* Build configuration list for PBXProject "MirrorROIPlugin" */;
			compatibilityVersion = "Xcode 3.2";
			developmentRegion = English;
			hasScannedForEncodings = 1;
			knownRegions = (
				English,
				Japanese,
				French,
				German,
				en,
			);
			mainGroup = 089C166AFE841209C02AAC07 /* MyNewPlugin */;
			projectDirPath = "";
			projectRoot = "";
			targets = (
				8D5B49AC048680CD000E48DA /* MirrorROIPlugin */,
			);
		};
/* End PBXProject section */

/* Begin PBXResourcesBuildPhase section */
		8D5B49AF048680CD000E48DA /* Resources */ = {
			isa = PBXResourcesBuildPhase;
			buildActionMask = 2147483647;
			files = (
				8ED845FA1DC6295D008399F1 /* NE.png in Resources */,
				8E8EA0B31DB5329D00940C46 /* Flip Vertical Filled-50.png in Resources */,
				8E613DFE1DECCA7F0021049A /* JiggleAll.png in Resources */,
				8E3F944D1DDB491F0085A162 /* Marker-50.png in Resources */,
				8EF296511DC4D2FB00CC638E /* end.png in Resources */,
				8ED845F81DC6295D008399F1 /* SW.png in Resources */,
				8EDB8BE61DAE6039007C14A9 /* CT.png in Resources */,
				8EF2964C1DC4D17200CC638E /* Erase Filled-50.png in Resources */,
				8E8AA1DB1E0693BB007621FB /* Jiggle small.png in Resources */,
				8E15CE3B1E4628420009E1A5 /* anatomicalsites.plist in Resources */,
				8E1D23C41DE6386800469190 /* increase.png in Resources */,
				8E15CE411E466EBA0009E1A5 /* DatabaseRead.png in Resources */,
				8EDB8BE71DAE6039007C14A9 /* PET.png in Resources */,
				8ED6E2701E50C5D8006F68B5 /* icon.icns in Resources */,
				C52843BA1DC250BA00371742 /* aup.png in Resources */,
				8ED845F91DC6295D008399F1 /* SE.png in Resources */,
				8EC3A55E1E0BE8F10019108E /* TDWindow.xib in Resources */,
				8E172CFD1DDD03F100F33DE5 /* Jiggle.png in Resources */,
				8E1D23C31DE6386800469190 /* decrease.png in Resources */,
				8EB2BDF31DB7FF8F00D7B0CA /* Tiling2x1.pdf in Resources */,
				8E15CE361E45F95F0009E1A5 /* vaccines.plist in Resources */,
				8EF296521DC4D2FB00CC638E /* start.png in Resources */,
				8EB2BDF51DB80A7500D7B0CA /* growRegion.png in Resources */,
				8EE534AA1E4DE11E007DA1E1 /* Vaccines.txt in Resources */,
				8E15CE3E1E4652400009E1A5 /* placebos.plist in Resources */,
				C52843BE1DC250C600371742 /* adownward.png in Resources */,
				8EE534AB1E4DE11E007DA1E1 /* Placebos.txt in Resources */,
				8E15CE391E4628070009E1A5 /* treamentsites.plist in Resources */,
				8EB2BDEF1DB7A03900D7B0CA /* Length extend.png in Resources */,
				8ED6E2721E50C759006F68B5 /* icon64.png in Resources */,
				8ECAD5F01DDA57B20079DB97 /* yingyang.png in Resources */,
				8ED845FB1DC6295D008399F1 /* NW.png in Resources */,
				8E6571B81E4FB1E500E0E223 /* addrects.png in Resources */,
				8E15CE421E466EBA0009E1A5 /* DatabaseWrite.png in Resources */,
				8EE534AC1E4DE11E007DA1E1 /* TreatmentSites.txt in Resources */,
				8D5B49B0048680CD000E48DA /* InfoPlist.strings in Resources */,
				8ED5349B1E449D2C003B1E8A /* keyImageSquare deleteAll.png in Resources */,
				C52843BF1DC250C600371742 /* aleft.png in Resources */,
				8EB2BDF11DB7A2AF00D7B0CA /* Length +.png in Resources */,
				8E172CFE1DDD03F100F33DE5 /* JiggleSelect.png in Resources */,
				8EC532661E05A2A6006B74E5 /* Flip Vertical Filled-24.png in Resources */,
				8E6F81391E420A97002E5631 /* keyImageSquare.png in Resources */,
				8EE534A91E4DE11E007DA1E1 /* AnatomicalSites.txt in Resources */,
				C52843C01DC250C600371742 /* aright.png in Resources */,
				8E27A7BC1DA1AECD00BDC497 /* MirrorWindow.xib in Resources */,
			);
			runOnlyForDeploymentPostprocessing = 0;
		};
/* End PBXResourcesBuildPhase section */

/* Begin PBXRezBuildPhase section */
		8D5B49B5048680CD000E48DA /* Rez */ = {
			isa = PBXRezBuildPhase;
			buildActionMask = 2147483647;
			files = (
			);
			runOnlyForDeploymentPostprocessing = 0;
		};
/* End PBXRezBuildPhase section */

/* Begin PBXSourcesBuildPhase section */
		8D5B49B1048680CD000E48DA /* Sources */ = {
			isa = PBXSourcesBuildPhase;
			buildActionMask = 2147483647;
			files = (
				8ED16B241DF99F890043A74C /* TextDisplayWindow.m in Sources */,
				8E8838381DDA209400AE9166 /* ROIValues.m in Sources */,
				8E9C42631DCE03C200E2A40C /* MirrorROIPluginFilterOC.m in Sources */,
				8E4FBD211DFB2D9D00E54D6F /* TextDisplayWindowController.m in Sources */,
			);
			runOnlyForDeploymentPostprocessing = 0;
		};
/* End PBXSourcesBuildPhase section */

/* Begin PBXVariantGroup section */
		089C167DFE841241C02AAC07 /* InfoPlist.strings */ = {
			isa = PBXVariantGroup;
			children = (
				089C167EFE841241C02AAC07 /* English */,
			);
			name = InfoPlist.strings;
			sourceTree = "<group>";
		};
		8E27A7BE1DA1AECD00BDC497 /* MirrorWindow.xib */ = {
			isa = PBXVariantGroup;
			children = (
				8E27A7BD1DA1AECD00BDC497 /* en */,
			);
			name = MirrorWindow.xib;
			sourceTree = "<group>";
		};
/* End PBXVariantGroup section */

/* Begin XCBuildConfiguration section */
		CE6A9A9108AC841300D0C1EE /* Development */ = {
			isa = XCBuildConfiguration;
			buildSettings = {
				ALWAYS_EMBED_SWIFT_STANDARD_LIBRARIES = NO;
				CLANG_ENABLE_MODULES = YES;
				CLANG_ENABLE_OBJC_ARC = NO;
				COPY_PHASE_STRIP = NO;
				DEBUGGING_SYMBOLS = YES;
				FRAMEWORK_SEARCH_PATHS = (
					"$(inherited)",
					"\"$(SRCROOT)\"",
				);
				GCC_DYNAMIC_NO_PIC = NO;
				GCC_ENABLE_FIX_AND_CONTINUE = YES;
				GCC_ENABLE_TRIGRAPHS = NO;
				GCC_GENERATE_DEBUGGING_SYMBOLS = YES;
				GCC_OPTIMIZATION_LEVEL = 0;
				GCC_PRECOMPILE_PREFIX_HEADER = YES;
				GCC_PREFIX_HEADER = MirrorROIPlugin_Prefix.pch;
				GCC_WARN_ABOUT_DEPRECATED_FUNCTIONS = NO;
				GCC_WARN_FOUR_CHARACTER_CONSTANTS = NO;
				GCC_WARN_UNKNOWN_PRAGMAS = NO;
				HEADER_SEARCH_PATHS = "";
				INFOPLIST_FILE = Info.plist;
				INSTALL_PATH = "@executable_path/../Plug-ins";
				LD_RUNPATH_SEARCH_PATHS = "$(inherited) @executable_path/../Frameworks @loader_path/../Frameworks";
				LIBRARY_SEARCH_PATHS = "";
				LIBRARY_STYLE = Bundle;
				MACOSX_DEPLOYMENT_TARGET = 10.12;
				OTHER_CFLAGS = "";
				OTHER_LDFLAGS = (
					"-undefined",
					dynamic_lookup,
				);
				OTHER_REZFLAGS = "";
				PRODUCT_BUNDLE_IDENTIFIER = djml.eu;
				PRODUCT_NAME = MirrorROIPlugin;
				SECTORDER_FLAGS = "";
				SWIFT_OBJC_BRIDGING_HEADER = "MirrorROIPlugin-Bridging-Header.h";
				SWIFT_OPTIMIZATION_LEVEL = "-Onone";
				SWIFT_VERSION = 3.0;
				WARNING_CFLAGS = (
					"-Wmost",
					"-Wno-four-char-constants",
					"-Wno-unknown-pragmas",
				);
				WRAPPER_EXTENSION = osirixplugin;
				ZERO_LINK = NO;
			};
			name = Development;
		};
		CE6A9A9208AC841300D0C1EE /* Deployment */ = {
			isa = XCBuildConfiguration;
			buildSettings = {
				ALWAYS_EMBED_SWIFT_STANDARD_LIBRARIES = NO;
				CLANG_ENABLE_MODULES = YES;
				CLANG_ENABLE_OBJC_ARC = NO;
				COPY_PHASE_STRIP = YES;
				FRAMEWORK_SEARCH_PATHS = (
					"$(inherited)",
					"\"$(SRCROOT)\"",
				);
				GCC_ENABLE_FIX_AND_CONTINUE = NO;
				GCC_ENABLE_TRIGRAPHS = NO;
				GCC_PRECOMPILE_PREFIX_HEADER = YES;
				GCC_PREFIX_HEADER = MirrorROIPlugin_Prefix.pch;
				GCC_WARN_FOUR_CHARACTER_CONSTANTS = NO;
				GCC_WARN_UNKNOWN_PRAGMAS = NO;
				HEADER_SEARCH_PATHS = "";
				INFOPLIST_FILE = Info.plist;
				INSTALL_PATH = "@executable_path/../Plug-ins";
				LD_RUNPATH_SEARCH_PATHS = "$(inherited) @executable_path/../Frameworks @loader_path/../Frameworks";
				LIBRARY_SEARCH_PATHS = "";
				LIBRARY_STYLE = Bundle;
				MACOSX_DEPLOYMENT_TARGET = 10.12;
				OTHER_CFLAGS = "";
				OTHER_LDFLAGS = (
					"-undefined",
					dynamic_lookup,
				);
				OTHER_REZFLAGS = "";
				PRODUCT_BUNDLE_IDENTIFIER = djml.eu;
				PRODUCT_NAME = MirrorROIPlugin;
				SECTORDER_FLAGS = "";
				SWIFT_OBJC_BRIDGING_HEADER = "MirrorROIPlugin-Bridging-Header.h";
				SWIFT_VERSION = 3.0;
				WARNING_CFLAGS = (
					"-Wmost",
					"-Wno-four-char-constants",
					"-Wno-unknown-pragmas",
				);
				WRAPPER_EXTENSION = osirixplugin;
				ZERO_LINK = NO;
			};
			name = Deployment;
		};
		CE6A9A9508AC841300D0C1EE /* Development */ = {
			isa = XCBuildConfiguration;
			buildSettings = {
				CLANG_ANALYZER_LOCALIZABILITY_NONLOCALIZED = YES;
				CLANG_WARN_BOOL_CONVERSION = YES;
				CLANG_WARN_CONSTANT_CONVERSION = YES;
				CLANG_WARN_EMPTY_BODY = YES;
				CLANG_WARN_ENUM_CONVERSION = YES;
				CLANG_WARN_INFINITE_RECURSION = YES;
				CLANG_WARN_INT_CONVERSION = YES;
				CLANG_WARN_SUSPICIOUS_MOVE = YES;
				CLANG_WARN_UNREACHABLE_CODE = YES;
				CLANG_WARN__DUPLICATE_METHOD_MATCH = YES;
				ENABLE_STRICT_OBJC_MSGSEND = YES;
				ENABLE_TESTABILITY = YES;
				GCC_NO_COMMON_BLOCKS = YES;
				GCC_WARN_64_TO_32_BIT_CONVERSION = YES;
				GCC_WARN_ABOUT_RETURN_TYPE = YES;
				GCC_WARN_UNDECLARED_SELECTOR = YES;
				GCC_WARN_UNINITIALIZED_AUTOS = YES;
				GCC_WARN_UNUSED_FUNCTION = YES;
				GCC_WARN_UNUSED_VARIABLE = YES;
				MACOSX_DEPLOYMENT_TARGET = 10.12;
				ONLY_ACTIVE_ARCH = YES;
				SDKROOT = macosx;
			};
			name = Development;
		};
		CE6A9A9608AC841300D0C1EE /* Deployment */ = {
			isa = XCBuildConfiguration;
			buildSettings = {
				CLANG_ANALYZER_LOCALIZABILITY_NONLOCALIZED = YES;
				CLANG_WARN_BOOL_CONVERSION = YES;
				CLANG_WARN_CONSTANT_CONVERSION = YES;
				CLANG_WARN_EMPTY_BODY = YES;
				CLANG_WARN_ENUM_CONVERSION = YES;
				CLANG_WARN_INFINITE_RECURSION = YES;
				CLANG_WARN_INT_CONVERSION = YES;
				CLANG_WARN_SUSPICIOUS_MOVE = YES;
				CLANG_WARN_UNREACHABLE_CODE = YES;
				CLANG_WARN__DUPLICATE_METHOD_MATCH = YES;
				ENABLE_STRICT_OBJC_MSGSEND = YES;
				GCC_NO_COMMON_BLOCKS = YES;
				GCC_WARN_64_TO_32_BIT_CONVERSION = YES;
				GCC_WARN_ABOUT_RETURN_TYPE = YES;
				GCC_WARN_UNDECLARED_SELECTOR = YES;
				GCC_WARN_UNINITIALIZED_AUTOS = YES;
				GCC_WARN_UNUSED_FUNCTION = YES;
				GCC_WARN_UNUSED_VARIABLE = YES;
				MACOSX_DEPLOYMENT_TARGET = 10.12;
				SDKROOT = macosx;
				SWIFT_OPTIMIZATION_LEVEL = "-Owholemodule";
			};
			name = Deployment;
		};
/* End XCBuildConfiguration section */

/* Begin XCConfigurationList section */
		CE6A9A9008AC841300D0C1EE /* Build configuration list for PBXNativeTarget "MirrorROIPlugin" */ = {
			isa = XCConfigurationList;
			buildConfigurations = (
				CE6A9A9108AC841300D0C1EE /* Development */,
				CE6A9A9208AC841300D0C1EE /* Deployment */,
			);
			defaultConfigurationIsVisible = 0;
			defaultConfigurationName = Development;
		};
		CE6A9A9408AC841300D0C1EE /* Build configuration list for PBXProject "MirrorROIPlugin" */ = {
			isa = XCConfigurationList;
			buildConfigurations = (
				CE6A9A9508AC841300D0C1EE /* Development */,
				CE6A9A9608AC841300D0C1EE /* Deployment */,
			);
			defaultConfigurationIsVisible = 0;
			defaultConfigurationName = Development;
		};
/* End XCConfigurationList section */
	};
	rootObject = 089C1669FE841209C02AAC07 /* Project object */;
}
