// !$*UTF8*$!
{
	archiveVersion = 1;
	classes = {
	};
	objectVersion = 46;
	objects = {

/* Begin PBXBuildFile section */
		8420023212E829A200E1E9CE /* OsiriXAPI.framework in Frameworks */ = {isa = PBXBuildFile; fileRef = 8420023112E829A200E1E9CE /* OsiriXAPI.framework */; settings = {ATTRIBUTES = (Weak, ); }; };
		8D5B49B0048680CD000E48DA /* InfoPlist.strings in Resources */ = {isa = PBXBuildFile; fileRef = 089C167DFE841241C02AAC07 /* InfoPlist.strings */; };
		8D5B49B4048680CD000E48DA /* Cocoa.framework in Frameworks */ = {isa = PBXBuildFile; fileRef = 1058C7ADFEA557BF11CA2CBB /* Cocoa.framework */; };
		8E27A7BC1DA1AECD00BDC497 /* MirrorWindow.xib in Resources */ = {isa = PBXBuildFile; fileRef = 8E27A7BE1DA1AECD00BDC497 /* MirrorWindow.xib */; };
		8E8EA0B31DB5329D00940C46 /* Flip Vertical Filled-50.png in Resources */ = {isa = PBXBuildFile; fileRef = 8EDB8BDD1DAE5EE9007C14A9 /* Flip Vertical Filled-50.png */; };
		8E8EA0B41DB5329D00940C46 /* Flip Vertical Filled-50 multi.png in Resources */ = {isa = PBXBuildFile; fileRef = 8EDB8BDC1DAE5EE9007C14A9 /* Flip Vertical Filled-50 multi.png */; };
		8E8EA0B51DB5329D00940C46 /* Hide Filled-50.png in Resources */ = {isa = PBXBuildFile; fileRef = 8E8EA0B11DB531ED00940C46 /* Hide Filled-50.png */; };
		8E9D96351DB3E35A00259579 /* Link-50.png in Resources */ = {isa = PBXBuildFile; fileRef = 8E9D96341DB3E35A00259579 /* Link-50.png */; };
		8EB2BDE91DB789FE00D7B0CA /* Length.png in Resources */ = {isa = PBXBuildFile; fileRef = 8EB2BDE81DB789FE00D7B0CA /* Length.png */; };
		8EB2BDEC1DB78D6A00D7B0CA /* Closed Polygon.png in Resources */ = {isa = PBXBuildFile; fileRef = 8EB2BDEA1DB78D6A00D7B0CA /* Closed Polygon.png */; };
		8EB2BDED1DB78D6A00D7B0CA /* Brush.png in Resources */ = {isa = PBXBuildFile; fileRef = 8EB2BDEB1DB78D6A00D7B0CA /* Brush.png */; };
		8EB2BDEF1DB7A03900D7B0CA /* Length extend.png in Resources */ = {isa = PBXBuildFile; fileRef = 8EB2BDEE1DB7A03900D7B0CA /* Length extend.png */; };
		8EB2BDF11DB7A2AF00D7B0CA /* Length +.png in Resources */ = {isa = PBXBuildFile; fileRef = 8EB2BDF01DB7A2AF00D7B0CA /* Length +.png */; };
		8EB2BDF31DB7FF8F00D7B0CA /* Tiling2x1.pdf in Resources */ = {isa = PBXBuildFile; fileRef = 8EB2BDF21DB7FF8F00D7B0CA /* Tiling2x1.pdf */; };
		8EB2BDF51DB80A7500D7B0CA /* growRegion.png in Resources */ = {isa = PBXBuildFile; fileRef = 8EB2BDF41DB80A7500D7B0CA /* growRegion.png */; };
		8EDB8BE21DAE5EE9007C14A9 /* Upload-50.png in Resources */ = {isa = PBXBuildFile; fileRef = 8EDB8BDE1DAE5EE9007C14A9 /* Upload-50.png */; };
		8EDB8BE31DAE5EE9007C14A9 /* Download-50.png in Resources */ = {isa = PBXBuildFile; fileRef = 8EDB8BDF1DAE5EE9007C14A9 /* Download-50.png */; };
		8EDB8BE61DAE6039007C14A9 /* CT.png in Resources */ = {isa = PBXBuildFile; fileRef = 8EDB8BE41DAE6039007C14A9 /* CT.png */; };
		8EDB8BE71DAE6039007C14A9 /* PET.png in Resources */ = {isa = PBXBuildFile; fileRef = 8EDB8BE51DAE6039007C14A9 /* PET.png */; };
		8EE9097C1DA15C8800AFAA00 /* MirrorROIPlugin_Prefix.pch in Headers */ = {isa = PBXBuildFile; fileRef = 8EE9097B1DA15C8800AFAA00 /* MirrorROIPlugin_Prefix.pch */; };
		ABA48A650680BB600089EB4F /* MirrorROIPluginFilterOC.h in Headers */ = {isa = PBXBuildFile; fileRef = ABA48A640680BB600089EB4F /* MirrorROIPluginFilterOC.h */; };
		ABA48A670680BB690089EB4F /* MirrorROIPluginFilterOC.m in Sources */ = {isa = PBXBuildFile; fileRef = ABA48A660680BB690089EB4F /* MirrorROIPluginFilterOC.m */; };
/* End PBXBuildFile section */

/* Begin PBXFileReference section */
		089C1672FE841209C02AAC07 /* Foundation.framework */ = {isa = PBXFileReference; lastKnownFileType = wrapper.framework; name = Foundation.framework; path = /System/Library/Frameworks/Foundation.framework; sourceTree = "<absolute>"; };
		089C167EFE841241C02AAC07 /* English */ = {isa = PBXFileReference; fileEncoding = 10; lastKnownFileType = text.plist.strings; name = English; path = English.lproj/InfoPlist.strings; sourceTree = "<group>"; };
		089C167FFE841241C02AAC07 /* AppKit.framework */ = {isa = PBXFileReference; lastKnownFileType = wrapper.framework; name = AppKit.framework; path = /System/Library/Frameworks/AppKit.framework; sourceTree = "<absolute>"; };
		1058C7ADFEA557BF11CA2CBB /* Cocoa.framework */ = {isa = PBXFileReference; lastKnownFileType = wrapper.framework; name = Cocoa.framework; path = /System/Library/Frameworks/Cocoa.framework; sourceTree = "<absolute>"; };
		8420023112E829A200E1E9CE /* OsiriXAPI.framework */ = {isa = PBXFileReference; lastKnownFileType = wrapper.framework; path = OsiriXAPI.framework; sourceTree = "<group>"; };
		8D5B49B7048680CD000E48DA /* Info.plist */ = {isa = PBXFileReference; fileEncoding = 4; lastKnownFileType = text.plist.xml; path = Info.plist; sourceTree = "<group>"; };
		8E27A7BD1DA1AECD00BDC497 /* en */ = {isa = PBXFileReference; lastKnownFileType = file.xib; name = en; path = en.lproj/MirrorWindow.xib; sourceTree = "<group>"; };
		8E8EA0B11DB531ED00940C46 /* Hide Filled-50.png */ = {isa = PBXFileReference; lastKnownFileType = image.png; name = "Hide Filled-50.png"; path = "PNGs/Hide Filled-50.png"; sourceTree = "<group>"; };
		8E9D96341DB3E35A00259579 /* Link-50.png */ = {isa = PBXFileReference; lastKnownFileType = image.png; name = "Link-50.png"; path = "PNGs/Link-50.png"; sourceTree = "<group>"; };
		8EB2BDE81DB789FE00D7B0CA /* Length.png */ = {isa = PBXFileReference; lastKnownFileType = image.png; name = Length.png; path = PNGs/Length.png; sourceTree = "<group>"; };
		8EB2BDEA1DB78D6A00D7B0CA /* Closed Polygon.png */ = {isa = PBXFileReference; lastKnownFileType = image.png; name = "Closed Polygon.png"; path = "PNGs/Closed Polygon.png"; sourceTree = "<group>"; };
		8EB2BDEB1DB78D6A00D7B0CA /* Brush.png */ = {isa = PBXFileReference; lastKnownFileType = image.png; name = Brush.png; path = PNGs/Brush.png; sourceTree = "<group>"; };
		8EB2BDEE1DB7A03900D7B0CA /* Length extend.png */ = {isa = PBXFileReference; lastKnownFileType = image.png; name = "Length extend.png"; path = "PNGs/Length extend.png"; sourceTree = "<group>"; };
		8EB2BDF01DB7A2AF00D7B0CA /* Length +.png */ = {isa = PBXFileReference; lastKnownFileType = image.png; name = "Length +.png"; path = "PNGs/Length +.png"; sourceTree = "<group>"; };
		8EB2BDF21DB7FF8F00D7B0CA /* Tiling2x1.pdf */ = {isa = PBXFileReference; lastKnownFileType = image.pdf; name = Tiling2x1.pdf; path = PNGs/Tiling2x1.pdf; sourceTree = "<group>"; };
		8EB2BDF41DB80A7500D7B0CA /* growRegion.png */ = {isa = PBXFileReference; lastKnownFileType = image.png; name = growRegion.png; path = PNGs/growRegion.png; sourceTree = "<group>"; };
		8EDB8BDC1DAE5EE9007C14A9 /* Flip Vertical Filled-50 multi.png */ = {isa = PBXFileReference; lastKnownFileType = image.png; name = "Flip Vertical Filled-50 multi.png"; path = "PNGs/Flip Vertical Filled-50 multi.png"; sourceTree = "<group>"; };
		8EDB8BDD1DAE5EE9007C14A9 /* Flip Vertical Filled-50.png */ = {isa = PBXFileReference; lastKnownFileType = image.png; name = "Flip Vertical Filled-50.png"; path = "PNGs/Flip Vertical Filled-50.png"; sourceTree = "<group>"; };
		8EDB8BDE1DAE5EE9007C14A9 /* Upload-50.png */ = {isa = PBXFileReference; lastKnownFileType = image.png; name = "Upload-50.png"; path = "PNGs/Upload-50.png"; sourceTree = "<group>"; };
		8EDB8BDF1DAE5EE9007C14A9 /* Download-50.png */ = {isa = PBXFileReference; lastKnownFileType = image.png; name = "Download-50.png"; path = "PNGs/Download-50.png"; sourceTree = "<group>"; };
		8EDB8BE41DAE6039007C14A9 /* CT.png */ = {isa = PBXFileReference; lastKnownFileType = image.png; name = CT.png; path = PNGs/CT.png; sourceTree = "<group>"; };
		8EDB8BE51DAE6039007C14A9 /* PET.png */ = {isa = PBXFileReference; lastKnownFileType = image.png; name = PET.png; path = PNGs/PET.png; sourceTree = "<group>"; };
		8EE909791DA15C6F00AFAA00 /* unusedCode */ = {isa = PBXFileReference; fileEncoding = 4; lastKnownFileType = text; path = unusedCode; sourceTree = "<group>"; };
		8EE9097B1DA15C8800AFAA00 /* MirrorROIPlugin_Prefix.pch */ = {isa = PBXFileReference; fileEncoding = 4; lastKnownFileType = sourcecode.c.h; path = MirrorROIPlugin_Prefix.pch; sourceTree = "<group>"; };
		AB5D36050680E57E00F4007A /* MirrorROIPlugin.osirixplugin */ = {isa = PBXFileReference; explicitFileType = wrapper.cfbundle; includeInIndex = 0; path = MirrorROIPlugin.osirixplugin; sourceTree = BUILT_PRODUCTS_DIR; };
		ABA48A640680BB600089EB4F /* MirrorROIPluginFilterOC.h */ = {isa = PBXFileReference; fileEncoding = 30; lastKnownFileType = sourcecode.c.h; path = MirrorROIPluginFilterOC.h; sourceTree = "<group>"; };
		ABA48A660680BB690089EB4F /* MirrorROIPluginFilterOC.m */ = {isa = PBXFileReference; fileEncoding = 30; lastKnownFileType = sourcecode.c.objc; path = MirrorROIPluginFilterOC.m; sourceTree = "<group>"; };
/* End PBXFileReference section */

/* Begin PBXFrameworksBuildPhase section */
		8D5B49B3048680CD000E48DA /* Frameworks */ = {
			isa = PBXFrameworksBuildPhase;
			buildActionMask = 2147483647;
			files = (
				8D5B49B4048680CD000E48DA /* Cocoa.framework in Frameworks */,
				8420023212E829A200E1E9CE /* OsiriXAPI.framework in Frameworks */,
			);
			runOnlyForDeploymentPostprocessing = 0;
		};
/* End PBXFrameworksBuildPhase section */

/* Begin PBXGroup section */
		089C166AFE841209C02AAC07 /* MyNewPlugin */ = {
			isa = PBXGroup;
			children = (
				8E27A7BE1DA1AECD00BDC497 /* MirrorWindow.xib */,
				8EE909791DA15C6F00AFAA00 /* unusedCode */,
				8EDB8BDB1DAE5826007C14A9 /* PNGs */,
				08FB77AFFE84173DC02AAC07 /* Classes */,
				32C88E010371C26100C91783 /* Other Sources */,
				089C167CFE841241C02AAC07 /* Resources */,
				089C1671FE841209C02AAC07 /* Frameworks and Libraries */,
				19C28FB8FE9D52D311CA2CBB /* Products */,
			);
			name = MyNewPlugin;
			sourceTree = "<group>";
		};
		089C1671FE841209C02AAC07 /* Frameworks and Libraries */ = {
			isa = PBXGroup;
			children = (
				8420023112E829A200E1E9CE /* OsiriXAPI.framework */,
				1058C7ACFEA557BF11CA2CBB /* Linked Frameworks */,
				1058C7AEFEA557BF11CA2CBB /* Other Frameworks */,
			);
			name = "Frameworks and Libraries";
			sourceTree = "<group>";
		};
		089C167CFE841241C02AAC07 /* Resources */ = {
			isa = PBXGroup;
			children = (
				8D5B49B7048680CD000E48DA /* Info.plist */,
				089C167DFE841241C02AAC07 /* InfoPlist.strings */,
			);
			name = Resources;
			sourceTree = "<group>";
		};
		08FB77AFFE84173DC02AAC07 /* Classes */ = {
			isa = PBXGroup;
			children = (
				AB2C26750677B0C400A08910 /* MirrorROIPlugin */,
			);
			name = Classes;
			sourceTree = "<group>";
		};
		1058C7ACFEA557BF11CA2CBB /* Linked Frameworks */ = {
			isa = PBXGroup;
			children = (
				1058C7ADFEA557BF11CA2CBB /* Cocoa.framework */,
			);
			name = "Linked Frameworks";
			sourceTree = "<group>";
		};
		1058C7AEFEA557BF11CA2CBB /* Other Frameworks */ = {
			isa = PBXGroup;
			children = (
				089C1672FE841209C02AAC07 /* Foundation.framework */,
				089C167FFE841241C02AAC07 /* AppKit.framework */,
			);
			name = "Other Frameworks";
			sourceTree = "<group>";
		};
		19C28FB8FE9D52D311CA2CBB /* Products */ = {
			isa = PBXGroup;
			children = (
				AB5D36050680E57E00F4007A /* MirrorROIPlugin.osirixplugin */,
			);
			name = Products;
			sourceTree = "<group>";
		};
		32C88E010371C26100C91783 /* Other Sources */ = {
			isa = PBXGroup;
			children = (
				8EE9097B1DA15C8800AFAA00 /* MirrorROIPlugin_Prefix.pch */,
			);
			name = "Other Sources";
			sourceTree = "<group>";
		};
		8EDB8BDB1DAE5826007C14A9 /* PNGs */ = {
			isa = PBXGroup;
			children = (
				8EB2BDF41DB80A7500D7B0CA /* growRegion.png */,
				8EB2BDF21DB7FF8F00D7B0CA /* Tiling2x1.pdf */,
				8EB2BDF01DB7A2AF00D7B0CA /* Length +.png */,
				8EB2BDEE1DB7A03900D7B0CA /* Length extend.png */,
				8EB2BDEA1DB78D6A00D7B0CA /* Closed Polygon.png */,
				8EB2BDEB1DB78D6A00D7B0CA /* Brush.png */,
				8EB2BDE81DB789FE00D7B0CA /* Length.png */,
				8E9D96341DB3E35A00259579 /* Link-50.png */,
				8EDB8BE41DAE6039007C14A9 /* CT.png */,
				8EDB8BE51DAE6039007C14A9 /* PET.png */,
				8EDB8BDD1DAE5EE9007C14A9 /* Flip Vertical Filled-50.png */,
				8EDB8BDC1DAE5EE9007C14A9 /* Flip Vertical Filled-50 multi.png */,
				8EDB8BDE1DAE5EE9007C14A9 /* Upload-50.png */,
				8EDB8BDF1DAE5EE9007C14A9 /* Download-50.png */,
				8E8EA0B11DB531ED00940C46 /* Hide Filled-50.png */,
			);
			name = PNGs;
			sourceTree = "<group>";
		};
		AB2C26750677B0C400A08910 /* MirrorROIPlugin */ = {
			isa = PBXGroup;
			children = (
				ABA48A640680BB600089EB4F /* MirrorROIPluginFilterOC.h */,
				ABA48A660680BB690089EB4F /* MirrorROIPluginFilterOC.m */,
			);
			name = MirrorROIPlugin;
			sourceTree = "<group>";
		};
/* End PBXGroup section */

/* Begin PBXHeadersBuildPhase section */
		8D5B49AD048680CD000E48DA /* Headers */ = {
			isa = PBXHeadersBuildPhase;
			buildActionMask = 2147483647;
			files = (
				8EE9097C1DA15C8800AFAA00 /* MirrorROIPlugin_Prefix.pch in Headers */,
				ABA48A650680BB600089EB4F /* MirrorROIPluginFilterOC.h in Headers */,
			);
			runOnlyForDeploymentPostprocessing = 0;
		};
/* End PBXHeadersBuildPhase section */

/* Begin PBXNativeTarget section */
		8D5B49AC048680CD000E48DA /* MirrorROIPlugin */ = {
			isa = PBXNativeTarget;
			buildConfigurationList = CE6A9A9008AC841300D0C1EE /* Build configuration list for PBXNativeTarget "MirrorROIPlugin" */;
			buildPhases = (
				8D5B49AD048680CD000E48DA /* Headers */,
				8D5B49AF048680CD000E48DA /* Resources */,
				8D5B49B1048680CD000E48DA /* Sources */,
				8D5B49B3048680CD000E48DA /* Frameworks */,
				8D5B49B5048680CD000E48DA /* Rez */,
			);
			buildRules = (
			);
			dependencies = (
			);
			name = MirrorROIPlugin;
			productInstallPath = "$(HOME)/Library/Bundles";
			productName = Invert;
			productReference = AB5D36050680E57E00F4007A /* MirrorROIPlugin.osirixplugin */;
			productType = "com.apple.product-type.bundle";
		};
/* End PBXNativeTarget section */

/* Begin PBXProject section */
		089C1669FE841209C02AAC07 /* Project object */ = {
			isa = PBXProject;
			attributes = {
				LastUpgradeCheck = 0800;
			};
			buildConfigurationList = CE6A9A9408AC841300D0C1EE /* Build configuration list for PBXProject "MirrorROIPlugin" */;
			compatibilityVersion = "Xcode 3.2";
			developmentRegion = English;
			hasScannedForEncodings = 1;
			knownRegions = (
				English,
				Japanese,
				French,
				German,
			);
			mainGroup = 089C166AFE841209C02AAC07 /* MyNewPlugin */;
			projectDirPath = "";
			projectRoot = "";
			targets = (
				8D5B49AC048680CD000E48DA /* MirrorROIPlugin */,
			);
		};
/* End PBXProject section */

/* Begin PBXResourcesBuildPhase section */
		8D5B49AF048680CD000E48DA /* Resources */ = {
			isa = PBXResourcesBuildPhase;
			buildActionMask = 2147483647;
			files = (
				8E8EA0B31DB5329D00940C46 /* Flip Vertical Filled-50.png in Resources */,
				8E8EA0B41DB5329D00940C46 /* Flip Vertical Filled-50 multi.png in Resources */,
				8E8EA0B51DB5329D00940C46 /* Hide Filled-50.png in Resources */,
				8EB2BDED1DB78D6A00D7B0CA /* Brush.png in Resources */,
				8EDB8BE21DAE5EE9007C14A9 /* Upload-50.png in Resources */,
				8EDB8BE61DAE6039007C14A9 /* CT.png in Resources */,
				8EDB8BE71DAE6039007C14A9 /* PET.png in Resources */,
				8EB2BDF31DB7FF8F00D7B0CA /* Tiling2x1.pdf in Resources */,
				8EB2BDF51DB80A7500D7B0CA /* growRegion.png in Resources */,
				8E9D96351DB3E35A00259579 /* Link-50.png in Resources */,
				8EB2BDEF1DB7A03900D7B0CA /* Length extend.png in Resources */,
				8EB2BDEC1DB78D6A00D7B0CA /* Closed Polygon.png in Resources */,
				8D5B49B0048680CD000E48DA /* InfoPlist.strings in Resources */,
				8EB2BDF11DB7A2AF00D7B0CA /* Length +.png in Resources */,
				8EDB8BE31DAE5EE9007C14A9 /* Download-50.png in Resources */,
				8EB2BDE91DB789FE00D7B0CA /* Length.png in Resources */,
				8E27A7BC1DA1AECD00BDC497 /* MirrorWindow.xib in Resources */,
			);
			runOnlyForDeploymentPostprocessing = 0;
		};
/* End PBXResourcesBuildPhase section */

/* Begin PBXRezBuildPhase section */
		8D5B49B5048680CD000E48DA /* Rez */ = {
			isa = PBXRezBuildPhase;
			buildActionMask = 2147483647;
			files = (
			);
			runOnlyForDeploymentPostprocessing = 0;
		};
/* End PBXRezBuildPhase section */

/* Begin PBXSourcesBuildPhase section */
		8D5B49B1048680CD000E48DA /* Sources */ = {
			isa = PBXSourcesBuildPhase;
			buildActionMask = 2147483647;
			files = (
				ABA48A670680BB690089EB4F /* MirrorROIPluginFilterOC.m in Sources */,
			);
			runOnlyForDeploymentPostprocessing = 0;
		};
/* End PBXSourcesBuildPhase section */

/* Begin PBXVariantGroup section */
		089C167DFE841241C02AAC07 /* InfoPlist.strings */ = {
			isa = PBXVariantGroup;
			children = (
				089C167EFE841241C02AAC07 /* English */,
			);
			name = InfoPlist.strings;
			sourceTree = "<group>";
		};
		8E27A7BE1DA1AECD00BDC497 /* MirrorWindow.xib */ = {
			isa = PBXVariantGroup;
			children = (
				8E27A7BD1DA1AECD00BDC497 /* en */,
			);
			name = MirrorWindow.xib;
			sourceTree = "<group>";
		};
/* End PBXVariantGroup section */

/* Begin XCBuildConfiguration section */
		CE6A9A9108AC841300D0C1EE /* Development */ = {
			isa = XCBuildConfiguration;
			buildSettings = {
				COPY_PHASE_STRIP = NO;
				DEBUGGING_SYMBOLS = YES;
				FRAMEWORK_SEARCH_PATHS = (
					"$(inherited)",
					"\"$(SRCROOT)\"",
				);
				GCC_DYNAMIC_NO_PIC = NO;
				GCC_ENABLE_FIX_AND_CONTINUE = YES;
				GCC_ENABLE_TRIGRAPHS = NO;
				GCC_GENERATE_DEBUGGING_SYMBOLS = YES;
				GCC_OPTIMIZATION_LEVEL = 0;
				GCC_PRECOMPILE_PREFIX_HEADER = YES;
				GCC_PREFIX_HEADER = MirrorROIPlugin_Prefix.pch;
				GCC_WARN_ABOUT_DEPRECATED_FUNCTIONS = NO;
				GCC_WARN_FOUR_CHARACTER_CONSTANTS = NO;
				GCC_WARN_UNKNOWN_PRAGMAS = NO;
				HEADER_SEARCH_PATHS = "";
				INFOPLIST_FILE = Info.plist;
				INSTALL_PATH = "@executable_path/../Plug-ins";
				LIBRARY_SEARCH_PATHS = "";
				LIBRARY_STYLE = Bundle;
				MACOSX_DEPLOYMENT_TARGET = 10.12;
				OTHER_CFLAGS = "";
				OTHER_LDFLAGS = (
					"-undefined",
					dynamic_lookup,
				);
				OTHER_REZFLAGS = "";
				PRODUCT_BUNDLE_IDENTIFIER = djml.eu;
				PRODUCT_NAME = MirrorROIPlugin;
				SECTORDER_FLAGS = "";
				WARNING_CFLAGS = (
					"-Wmost",
					"-Wno-four-char-constants",
					"-Wno-unknown-pragmas",
				);
				WRAPPER_EXTENSION = osirixplugin;
				ZERO_LINK = NO;
			};
			name = Development;
		};
		CE6A9A9208AC841300D0C1EE /* Deployment */ = {
			isa = XCBuildConfiguration;
			buildSettings = {
				COPY_PHASE_STRIP = YES;
				FRAMEWORK_SEARCH_PATHS = (
					"$(inherited)",
					"\"$(SRCROOT)\"",
				);
				GCC_ENABLE_FIX_AND_CONTINUE = NO;
				GCC_ENABLE_TRIGRAPHS = NO;
				GCC_PRECOMPILE_PREFIX_HEADER = YES;
				GCC_PREFIX_HEADER = MirrorROIPlugin_Prefix.pch;
				GCC_WARN_FOUR_CHARACTER_CONSTANTS = NO;
				GCC_WARN_UNKNOWN_PRAGMAS = NO;
				HEADER_SEARCH_PATHS = "";
				INFOPLIST_FILE = Info.plist;
				INSTALL_PATH = "@executable_path/../Plug-ins";
				LIBRARY_SEARCH_PATHS = "";
				LIBRARY_STYLE = Bundle;
				MACOSX_DEPLOYMENT_TARGET = 10.12;
				OTHER_CFLAGS = "";
				OTHER_LDFLAGS = (
					"-undefined",
					dynamic_lookup,
				);
				OTHER_REZFLAGS = "";
				PRODUCT_BUNDLE_IDENTIFIER = djml.eu;
				PRODUCT_NAME = MirrorROIPlugin;
				SECTORDER_FLAGS = "";
				WARNING_CFLAGS = (
					"-Wmost",
					"-Wno-four-char-constants",
					"-Wno-unknown-pragmas",
				);
				WRAPPER_EXTENSION = osirixplugin;
				ZERO_LINK = NO;
			};
			name = Deployment;
		};
		CE6A9A9508AC841300D0C1EE /* Development */ = {
			isa = XCBuildConfiguration;
			buildSettings = {
				CLANG_ANALYZER_LOCALIZABILITY_NONLOCALIZED = YES;
				CLANG_WARN_BOOL_CONVERSION = YES;
				CLANG_WARN_CONSTANT_CONVERSION = YES;
				CLANG_WARN_EMPTY_BODY = YES;
				CLANG_WARN_ENUM_CONVERSION = YES;
				CLANG_WARN_INFINITE_RECURSION = YES;
				CLANG_WARN_INT_CONVERSION = YES;
				CLANG_WARN_SUSPICIOUS_MOVE = YES;
				CLANG_WARN_UNREACHABLE_CODE = YES;
				CLANG_WARN__DUPLICATE_METHOD_MATCH = YES;
				ENABLE_STRICT_OBJC_MSGSEND = YES;
				ENABLE_TESTABILITY = YES;
				GCC_NO_COMMON_BLOCKS = YES;
				GCC_WARN_64_TO_32_BIT_CONVERSION = YES;
				GCC_WARN_ABOUT_RETURN_TYPE = YES;
				GCC_WARN_UNDECLARED_SELECTOR = YES;
				GCC_WARN_UNINITIALIZED_AUTOS = YES;
				GCC_WARN_UNUSED_FUNCTION = YES;
				GCC_WARN_UNUSED_VARIABLE = YES;
				MACOSX_DEPLOYMENT_TARGET = 10.12;
				ONLY_ACTIVE_ARCH = YES;
				SDKROOT = macosx;
			};
			name = Development;
		};
		CE6A9A9608AC841300D0C1EE /* Deployment */ = {
			isa = XCBuildConfiguration;
			buildSettings = {
				CLANG_ANALYZER_LOCALIZABILITY_NONLOCALIZED = YES;
				CLANG_WARN_BOOL_CONVERSION = YES;
				CLANG_WARN_CONSTANT_CONVERSION = YES;
				CLANG_WARN_EMPTY_BODY = YES;
				CLANG_WARN_ENUM_CONVERSION = YES;
				CLANG_WARN_INFINITE_RECURSION = YES;
				CLANG_WARN_INT_CONVERSION = YES;
				CLANG_WARN_SUSPICIOUS_MOVE = YES;
				CLANG_WARN_UNREACHABLE_CODE = YES;
				CLANG_WARN__DUPLICATE_METHOD_MATCH = YES;
				ENABLE_STRICT_OBJC_MSGSEND = YES;
				GCC_NO_COMMON_BLOCKS = YES;
				GCC_WARN_64_TO_32_BIT_CONVERSION = YES;
				GCC_WARN_ABOUT_RETURN_TYPE = YES;
				GCC_WARN_UNDECLARED_SELECTOR = YES;
				GCC_WARN_UNINITIALIZED_AUTOS = YES;
				GCC_WARN_UNUSED_FUNCTION = YES;
				GCC_WARN_UNUSED_VARIABLE = YES;
				MACOSX_DEPLOYMENT_TARGET = 10.12;
				SDKROOT = macosx;
			};
			name = Deployment;
		};
/* End XCBuildConfiguration section */

/* Begin XCConfigurationList section */
		CE6A9A9008AC841300D0C1EE /* Build configuration list for PBXNativeTarget "MirrorROIPlugin" */ = {
			isa = XCConfigurationList;
			buildConfigurations = (
				CE6A9A9108AC841300D0C1EE /* Development */,
				CE6A9A9208AC841300D0C1EE /* Deployment */,
			);
			defaultConfigurationIsVisible = 0;
			defaultConfigurationName = Development;
		};
		CE6A9A9408AC841300D0C1EE /* Build configuration list for PBXProject "MirrorROIPlugin" */ = {
			isa = XCConfigurationList;
			buildConfigurations = (
				CE6A9A9508AC841300D0C1EE /* Development */,
				CE6A9A9608AC841300D0C1EE /* Deployment */,
			);
			defaultConfigurationIsVisible = 0;
			defaultConfigurationName = Development;
		};
/* End XCConfigurationList section */
	};
	rootObject = 089C1669FE841209C02AAC07 /* Project object */;
}
